// !$*UTF8*$!
{
	archiveVersion = 1;
	classes = {
	};
	objectVersion = 48;
	objects = {

/* Begin PBXBuildFile section */
		7461B3771FEA72010068BE8E /* AppDelegate.m in Sources */ = {isa = PBXBuildFile; fileRef = 7461B3761FEA72010068BE8E /* AppDelegate.m */; };
		7461B37A1FEA72010068BE8E /* ViewController.m in Sources */ = {isa = PBXBuildFile; fileRef = 7461B3791FEA72010068BE8E /* ViewController.m */; };
		7461B37D1FEA72020068BE8E /* Main.storyboard in Resources */ = {isa = PBXBuildFile; fileRef = 7461B37B1FEA72020068BE8E /* Main.storyboard */; };
		7461B37F1FEA72020068BE8E /* Assets.xcassets in Resources */ = {isa = PBXBuildFile; fileRef = 7461B37E1FEA72020068BE8E /* Assets.xcassets */; };
		7461B3821FEA72020068BE8E /* LaunchScreen.storyboard in Resources */ = {isa = PBXBuildFile; fileRef = 7461B3801FEA72020068BE8E /* LaunchScreen.storyboard */; };
		7461B3851FEA72020068BE8E /* main.m in Sources */ = {isa = PBXBuildFile; fileRef = 7461B3841FEA72020068BE8E /* main.m */; };
		7461B38F1FEA72020068BE8E /* AppUpdateCheckTests.m in Sources */ = {isa = PBXBuildFile; fileRef = 7461B38E1FEA72020068BE8E /* AppUpdateCheckTests.m */; };
		7461B39A1FEA72020068BE8E /* AppUpdateCheckUITests.m in Sources */ = {isa = PBXBuildFile; fileRef = 7461B3991FEA72020068BE8E /* AppUpdateCheckUITests.m */; };
		7461B3AE1FEA72710068BE8E /* AppStoreInfoModel.m in Sources */ = {isa = PBXBuildFile; fileRef = 7461B3AC1FEA72710068BE8E /* AppStoreInfoModel.m */; };
		7461B3AF1FEA72710068BE8E /* NewEditionManager.m in Sources */ = {isa = PBXBuildFile; fileRef = 7461B3AD1FEA72710068BE8E /* NewEditionManager.m */; };
/* End PBXBuildFile section */

/* Begin PBXContainerItemProxy section */
		7461B38B1FEA72020068BE8E /* PBXContainerItemProxy */ = {
			isa = PBXContainerItemProxy;
			containerPortal = 7461B36A1FEA72010068BE8E /* Project object */;
			proxyType = 1;
			remoteGlobalIDString = 7461B3711FEA72010068BE8E;
			remoteInfo = AppUpdateCheck;
		};
		7461B3961FEA72020068BE8E /* PBXContainerItemProxy */ = {
			isa = PBXContainerItemProxy;
			containerPortal = 7461B36A1FEA72010068BE8E /* Project object */;
			proxyType = 1;
			remoteGlobalIDString = 7461B3711FEA72010068BE8E;
			remoteInfo = AppUpdateCheck;
		};
/* End PBXContainerItemProxy section */

/* Begin PBXFileReference section */
		7461B3721FEA72010068BE8E /* AppUpdateCheck.app */ = {isa = PBXFileReference; explicitFileType = wrapper.application; includeInIndex = 0; path = AppUpdateCheck.app; sourceTree = BUILT_PRODUCTS_DIR; };
		7461B3751FEA72010068BE8E /* AppDelegate.h */ = {isa = PBXFileReference; lastKnownFileType = sourcecode.c.h; path = AppDelegate.h; sourceTree = "<group>"; };
		7461B3761FEA72010068BE8E /* AppDelegate.m */ = {isa = PBXFileReference; lastKnownFileType = sourcecode.c.objc; path = AppDelegate.m; sourceTree = "<group>"; };
		7461B3781FEA72010068BE8E /* ViewController.h */ = {isa = PBXFileReference; lastKnownFileType = sourcecode.c.h; path = ViewController.h; sourceTree = "<group>"; };
		7461B3791FEA72010068BE8E /* ViewController.m */ = {isa = PBXFileReference; lastKnownFileType = sourcecode.c.objc; path = ViewController.m; sourceTree = "<group>"; };
		7461B37C1FEA72020068BE8E /* Base */ = {isa = PBXFileReference; lastKnownFileType = file.storyboard; name = Base; path = Base.lproj/Main.storyboard; sourceTree = "<group>"; };
		7461B37E1FEA72020068BE8E /* Assets.xcassets */ = {isa = PBXFileReference; lastKnownFileType = folder.assetcatalog; path = Assets.xcassets; sourceTree = "<group>"; };
		7461B3811FEA72020068BE8E /* Base */ = {isa = PBXFileReference; lastKnownFileType = file.storyboard; name = Base; path = Base.lproj/LaunchScreen.storyboard; sourceTree = "<group>"; };
		7461B3831FEA72020068BE8E /* Info.plist */ = {isa = PBXFileReference; lastKnownFileType = text.plist.xml; path = Info.plist; sourceTree = "<group>"; };
		7461B3841FEA72020068BE8E /* main.m */ = {isa = PBXFileReference; lastKnownFileType = sourcecode.c.objc; path = main.m; sourceTree = "<group>"; };
		7461B38A1FEA72020068BE8E /* AppUpdateCheckTests.xctest */ = {isa = PBXFileReference; explicitFileType = wrapper.cfbundle; includeInIndex = 0; path = AppUpdateCheckTests.xctest; sourceTree = BUILT_PRODUCTS_DIR; };
		7461B38E1FEA72020068BE8E /* AppUpdateCheckTests.m */ = {isa = PBXFileReference; lastKnownFileType = sourcecode.c.objc; path = AppUpdateCheckTests.m; sourceTree = "<group>"; };
		7461B3901FEA72020068BE8E /* Info.plist */ = {isa = PBXFileReference; lastKnownFileType = text.plist.xml; path = Info.plist; sourceTree = "<group>"; };
		7461B3951FEA72020068BE8E /* AppUpdateCheckUITests.xctest */ = {isa = PBXFileReference; explicitFileType = wrapper.cfbundle; includeInIndex = 0; path = AppUpdateCheckUITests.xctest; sourceTree = BUILT_PRODUCTS_DIR; };
		7461B3991FEA72020068BE8E /* AppUpdateCheckUITests.m */ = {isa = PBXFileReference; lastKnownFileType = sourcecode.c.objc; path = AppUpdateCheckUITests.m; sourceTree = "<group>"; };
		7461B39B1FEA72020068BE8E /* Info.plist */ = {isa = PBXFileReference; lastKnownFileType = text.plist.xml; path = Info.plist; sourceTree = "<group>"; };
		7461B3AA1FEA72710068BE8E /* NewEditionManager.h */ = {isa = PBXFileReference; fileEncoding = 4; lastKnownFileType = sourcecode.c.h; path = NewEditionManager.h; sourceTree = "<group>"; };
		7461B3AB1FEA72710068BE8E /* AppStoreInfoModel.h */ = {isa = PBXFileReference; fileEncoding = 4; lastKnownFileType = sourcecode.c.h; path = AppStoreInfoModel.h; sourceTree = "<group>"; };
		7461B3AC1FEA72710068BE8E /* AppStoreInfoModel.m */ = {isa = PBXFileReference; fileEncoding = 4; lastKnownFileType = sourcecode.c.objc; path = AppStoreInfoModel.m; sourceTree = "<group>"; };
		7461B3AD1FEA72710068BE8E /* NewEditionManager.m */ = {isa = PBXFileReference; fileEncoding = 4; lastKnownFileType = sourcecode.c.objc; path = NewEditionManager.m; sourceTree = "<group>"; };
/* End PBXFileReference section */

/* Begin PBXFrameworksBuildPhase section */
		7461B36F1FEA72010068BE8E /* Frameworks */ = {
			isa = PBXFrameworksBuildPhase;
			buildActionMask = 2147483647;
			files = (
			);
			runOnlyForDeploymentPostprocessing = 0;
		};
		7461B3871FEA72020068BE8E /* Frameworks */ = {
			isa = PBXFrameworksBuildPhase;
			buildActionMask = 2147483647;
			files = (
			);
			runOnlyForDeploymentPostprocessing = 0;
		};
		7461B3921FEA72020068BE8E /* Frameworks */ = {
			isa = PBXFrameworksBuildPhase;
			buildActionMask = 2147483647;
			files = (
			);
			runOnlyForDeploymentPostprocessing = 0;
		};
/* End PBXFrameworksBuildPhase section */

/* Begin PBXGroup section */
		7461B3691FEA72010068BE8E = {
			isa = PBXGroup;
			children = (
				7461B3741FEA72010068BE8E /* AppUpdateCheck */,
				7461B38D1FEA72020068BE8E /* AppUpdateCheckTests */,
				7461B3981FEA72020068BE8E /* AppUpdateCheckUITests */,
				7461B3731FEA72010068BE8E /* Products */,
			);
			sourceTree = "<group>";
		};
		7461B3731FEA72010068BE8E /* Products */ = {
			isa = PBXGroup;
			children = (
				7461B3721FEA72010068BE8E /* AppUpdateCheck.app */,
				7461B38A1FEA72020068BE8E /* AppUpdateCheckTests.xctest */,
				7461B3951FEA72020068BE8E /* AppUpdateCheckUITests.xctest */,
			);
			name = Products;
			sourceTree = "<group>";
		};
		7461B3741FEA72010068BE8E /* AppUpdateCheck */ = {
			isa = PBXGroup;
			children = (
				7461B3751FEA72010068BE8E /* AppDelegate.h */,
				7461B3761FEA72010068BE8E /* AppDelegate.m */,
				7461B3A91FEA725B0068BE8E /* AppUpdateCheck */,
				7461B3A81FEA72460068BE8E /* Other */,
			);
			path = AppUpdateCheck;
			sourceTree = "<group>";
		};
		7461B38D1FEA72020068BE8E /* AppUpdateCheckTests */ = {
			isa = PBXGroup;
			children = (
				7461B38E1FEA72020068BE8E /* AppUpdateCheckTests.m */,
				7461B3901FEA72020068BE8E /* Info.plist */,
			);
			path = AppUpdateCheckTests;
			sourceTree = "<group>";
		};
		7461B3981FEA72020068BE8E /* AppUpdateCheckUITests */ = {
			isa = PBXGroup;
			children = (
				7461B3991FEA72020068BE8E /* AppUpdateCheckUITests.m */,
				7461B39B1FEA72020068BE8E /* Info.plist */,
			);
			path = AppUpdateCheckUITests;
			sourceTree = "<group>";
		};
		7461B3A81FEA72460068BE8E /* Other */ = {
			isa = PBXGroup;
			children = (
				7461B3781FEA72010068BE8E /* ViewController.h */,
				7461B3791FEA72010068BE8E /* ViewController.m */,
				7461B37B1FEA72020068BE8E /* Main.storyboard */,
				7461B37E1FEA72020068BE8E /* Assets.xcassets */,
				7461B3801FEA72020068BE8E /* LaunchScreen.storyboard */,
				7461B3831FEA72020068BE8E /* Info.plist */,
				7461B3841FEA72020068BE8E /* main.m */,
			);
			name = Other;
			sourceTree = "<group>";
		};
		7461B3A91FEA725B0068BE8E /* AppUpdateCheck */ = {
			isa = PBXGroup;
			children = (
				7461B3AB1FEA72710068BE8E /* AppStoreInfoModel.h */,
				7461B3AC1FEA72710068BE8E /* AppStoreInfoModel.m */,
				7461B3AA1FEA72710068BE8E /* NewEditionManager.h */,
				7461B3AD1FEA72710068BE8E /* NewEditionManager.m */,
			);
			name = AppUpdateCheck;
			sourceTree = "<group>";
		};
/* End PBXGroup section */

/* Begin PBXNativeTarget section */
		7461B3711FEA72010068BE8E /* AppUpdateCheck */ = {
			isa = PBXNativeTarget;
			buildConfigurationList = 7461B39E1FEA72020068BE8E /* Build configuration list for PBXNativeTarget "AppUpdateCheck" */;
			buildPhases = (
				7461B36E1FEA72010068BE8E /* Sources */,
				7461B36F1FEA72010068BE8E /* Frameworks */,
				7461B3701FEA72010068BE8E /* Resources */,
			);
			buildRules = (
			);
			dependencies = (
			);
			name = AppUpdateCheck;
			productName = AppUpdateCheck;
			productReference = 7461B3721FEA72010068BE8E /* AppUpdateCheck.app */;
			productType = "com.apple.product-type.application";
		};
		7461B3891FEA72020068BE8E /* AppUpdateCheckTests */ = {
			isa = PBXNativeTarget;
			buildConfigurationList = 7461B3A11FEA72020068BE8E /* Build configuration list for PBXNativeTarget "AppUpdateCheckTests" */;
			buildPhases = (
				7461B3861FEA72020068BE8E /* Sources */,
				7461B3871FEA72020068BE8E /* Frameworks */,
				7461B3881FEA72020068BE8E /* Resources */,
			);
			buildRules = (
			);
			dependencies = (
				7461B38C1FEA72020068BE8E /* PBXTargetDependency */,
			);
			name = AppUpdateCheckTests;
			productName = AppUpdateCheckTests;
			productReference = 7461B38A1FEA72020068BE8E /* AppUpdateCheckTests.xctest */;
			productType = "com.apple.product-type.bundle.unit-test";
		};
		7461B3941FEA72020068BE8E /* AppUpdateCheckUITests */ = {
			isa = PBXNativeTarget;
			buildConfigurationList = 7461B3A41FEA72020068BE8E /* Build configuration list for PBXNativeTarget "AppUpdateCheckUITests" */;
			buildPhases = (
				7461B3911FEA72020068BE8E /* Sources */,
				7461B3921FEA72020068BE8E /* Frameworks */,
				7461B3931FEA72020068BE8E /* Resources */,
			);
			buildRules = (
			);
			dependencies = (
				7461B3971FEA72020068BE8E /* PBXTargetDependency */,
			);
			name = AppUpdateCheckUITests;
			productName = AppUpdateCheckUITests;
			productReference = 7461B3951FEA72020068BE8E /* AppUpdateCheckUITests.xctest */;
			productType = "com.apple.product-type.bundle.ui-testing";
		};
/* End PBXNativeTarget section */

/* Begin PBXProject section */
		7461B36A1FEA72010068BE8E /* Project object */ = {
			isa = PBXProject;
			attributes = {
				LastUpgradeCheck = 0910;
				ORGANIZATIONNAME = Gorpeln;
				TargetAttributes = {
					7461B3711FEA72010068BE8E = {
						CreatedOnToolsVersion = 9.1;
						ProvisioningStyle = Automatic;
					};
					7461B3891FEA72020068BE8E = {
						CreatedOnToolsVersion = 9.1;
						ProvisioningStyle = Automatic;
						TestTargetID = 7461B3711FEA72010068BE8E;
					};
					7461B3941FEA72020068BE8E = {
						CreatedOnToolsVersion = 9.1;
						ProvisioningStyle = Automatic;
						TestTargetID = 7461B3711FEA72010068BE8E;
					};
				};
			};
			buildConfigurationList = 7461B36D1FEA72010068BE8E /* Build configuration list for PBXProject "AppUpdateCheck" */;
			compatibilityVersion = "Xcode 8.0";
			developmentRegion = en;
			hasScannedForEncodings = 0;
			knownRegions = (
				en,
				Base,
			);
			mainGroup = 7461B3691FEA72010068BE8E;
			productRefGroup = 7461B3731FEA72010068BE8E /* Products */;
			projectDirPath = "";
			projectRoot = "";
			targets = (
				7461B3711FEA72010068BE8E /* AppUpdateCheck */,
				7461B3891FEA72020068BE8E /* AppUpdateCheckTests */,
				7461B3941FEA72020068BE8E /* AppUpdateCheckUITests */,
			);
		};
/* End PBXProject section */

/* Begin PBXResourcesBuildPhase section */
		7461B3701FEA72010068BE8E /* Resources */ = {
			isa = PBXResourcesBuildPhase;
			buildActionMask = 2147483647;
			files = (
				7461B3821FEA72020068BE8E /* LaunchScreen.storyboard in Resources */,
				7461B37F1FEA72020068BE8E /* Assets.xcassets in Resources */,
				7461B37D1FEA72020068BE8E /* Main.storyboard in Resources */,
			);
			runOnlyForDeploymentPostprocessing = 0;
		};
		7461B3881FEA72020068BE8E /* Resources */ = {
			isa = PBXResourcesBuildPhase;
			buildActionMask = 2147483647;
			files = (
			);
			runOnlyForDeploymentPostprocessing = 0;
		};
		7461B3931FEA72020068BE8E /* Resources */ = {
			isa = PBXResourcesBuildPhase;
			buildActionMask = 2147483647;
			files = (
			);
			runOnlyForDeploymentPostprocessing = 0;
		};
/* End PBXResourcesBuildPhase section */

/* Begin PBXSourcesBuildPhase section */
		7461B36E1FEA72010068BE8E /* Sources */ = {
			isa = PBXSourcesBuildPhase;
			buildActionMask = 2147483647;
			files = (
				7461B37A1FEA72010068BE8E /* ViewController.m in Sources */,
				7461B3AE1FEA72710068BE8E /* AppStoreInfoModel.m in Sources */,
				7461B3AF1FEA72710068BE8E /* NewEditionManager.m in Sources */,
				7461B3851FEA72020068BE8E /* main.m in Sources */,
				7461B3771FEA72010068BE8E /* AppDelegate.m in Sources */,
			);
			runOnlyForDeploymentPostprocessing = 0;
		};
		7461B3861FEA72020068BE8E /* Sources */ = {
			isa = PBXSourcesBuildPhase;
			buildActionMask = 2147483647;
			files = (
				7461B38F1FEA72020068BE8E /* AppUpdateCheckTests.m in Sources */,
			);
			runOnlyForDeploymentPostprocessing = 0;
		};
		7461B3911FEA72020068BE8E /* Sources */ = {
			isa = PBXSourcesBuildPhase;
			buildActionMask = 2147483647;
			files = (
				7461B39A1FEA72020068BE8E /* AppUpdateCheckUITests.m in Sources */,
			);
			runOnlyForDeploymentPostprocessing = 0;
		};
/* End PBXSourcesBuildPhase section */

/* Begin PBXTargetDependency section */
		7461B38C1FEA72020068BE8E /* PBXTargetDependency */ = {
			isa = PBXTargetDependency;
			target = 7461B3711FEA72010068BE8E /* AppUpdateCheck */;
			targetProxy = 7461B38B1FEA72020068BE8E /* PBXContainerItemProxy */;
		};
		7461B3971FEA72020068BE8E /* PBXTargetDependency */ = {
			isa = PBXTargetDependency;
			target = 7461B3711FEA72010068BE8E /* AppUpdateCheck */;
			targetProxy = 7461B3961FEA72020068BE8E /* PBXContainerItemProxy */;
		};
/* End PBXTargetDependency section */

/* Begin PBXVariantGroup section */
		7461B37B1FEA72020068BE8E /* Main.storyboard */ = {
			isa = PBXVariantGroup;
			children = (
				7461B37C1FEA72020068BE8E /* Base */,
			);
			name = Main.storyboard;
			sourceTree = "<group>";
		};
		7461B3801FEA72020068BE8E /* LaunchScreen.storyboard */ = {
			isa = PBXVariantGroup;
			children = (
				7461B3811FEA72020068BE8E /* Base */,
			);
			name = LaunchScreen.storyboard;
			sourceTree = "<group>";
		};
/* End PBXVariantGroup section */

/* Begin XCBuildConfiguration section */
		7461B39C1FEA72020068BE8E /* Debug */ = {
			isa = XCBuildConfiguration;
			buildSettings = {
				ALWAYS_SEARCH_USER_PATHS = NO;
				CLANG_ANALYZER_NONNULL = YES;
				CLANG_ANALYZER_NUMBER_OBJECT_CONVERSION = YES_AGGRESSIVE;
				CLANG_CXX_LANGUAGE_STANDARD = "gnu++14";
				CLANG_CXX_LIBRARY = "libc++";
				CLANG_ENABLE_MODULES = YES;
				CLANG_ENABLE_OBJC_ARC = YES;
				CLANG_WARN_BLOCK_CAPTURE_AUTORELEASING = YES;
				CLANG_WARN_BOOL_CONVERSION = YES;
				CLANG_WARN_COMMA = YES;
				CLANG_WARN_CONSTANT_CONVERSION = YES;
				CLANG_WARN_DIRECT_OBJC_ISA_USAGE = YES_ERROR;
				CLANG_WARN_DOCUMENTATION_COMMENTS = YES;
				CLANG_WARN_EMPTY_BODY = YES;
				CLANG_WARN_ENUM_CONVERSION = YES;
				CLANG_WARN_INFINITE_RECURSION = YES;
				CLANG_WARN_INT_CONVERSION = YES;
				CLANG_WARN_NON_LITERAL_NULL_CONVERSION = YES;
				CLANG_WARN_OBJC_LITERAL_CONVERSION = YES;
				CLANG_WARN_OBJC_ROOT_CLASS = YES_ERROR;
				CLANG_WARN_RANGE_LOOP_ANALYSIS = YES;
				CLANG_WARN_STRICT_PROTOTYPES = YES;
				CLANG_WARN_SUSPICIOUS_MOVE = YES;
				CLANG_WARN_UNGUARDED_AVAILABILITY = YES_AGGRESSIVE;
				CLANG_WARN_UNREACHABLE_CODE = YES;
				CLANG_WARN__DUPLICATE_METHOD_MATCH = YES;
				CODE_SIGN_IDENTITY = "iPhone Developer";
				COPY_PHASE_STRIP = NO;
				DEBUG_INFORMATION_FORMAT = dwarf;
				ENABLE_STRICT_OBJC_MSGSEND = YES;
				ENABLE_TESTABILITY = YES;
				GCC_C_LANGUAGE_STANDARD = gnu11;
				GCC_DYNAMIC_NO_PIC = NO;
				GCC_NO_COMMON_BLOCKS = YES;
				GCC_OPTIMIZATION_LEVEL = 0;
				GCC_PREPROCESSOR_DEFINITIONS = (
					"DEBUG=1",
					"$(inherited)",
				);
				GCC_WARN_64_TO_32_BIT_CONVERSION = YES;
				GCC_WARN_ABOUT_RETURN_TYPE = YES_ERROR;
				GCC_WARN_UNDECLARED_SELECTOR = YES;
				GCC_WARN_UNINITIALIZED_AUTOS = YES_AGGRESSIVE;
				GCC_WARN_UNUSED_FUNCTION = YES;
				GCC_WARN_UNUSED_VARIABLE = YES;
				IPHONEOS_DEPLOYMENT_TARGET = 11.1;
				MTL_ENABLE_DEBUG_INFO = YES;
				ONLY_ACTIVE_ARCH = YES;
				SDKROOT = iphoneos;
			};
			name = Debug;
		};
		7461B39D1FEA72020068BE8E /* Release */ = {
			isa = XCBuildConfiguration;
			buildSettings = {
				ALWAYS_SEARCH_USER_PATHS = NO;
				CLANG_ANALYZER_NONNULL = YES;
				CLANG_ANALYZER_NUMBER_OBJECT_CONVERSION = YES_AGGRESSIVE;
				CLANG_CXX_LANGUAGE_STANDARD = "gnu++14";
				CLANG_CXX_LIBRARY = "libc++";
				CLANG_ENABLE_MODULES = YES;
				CLANG_ENABLE_OBJC_ARC = YES;
				CLANG_WARN_BLOCK_CAPTURE_AUTORELEASING = YES;
				CLANG_WARN_BOOL_CONVERSION = YES;
				CLANG_WARN_COMMA = YES;
				CLANG_WARN_CONSTANT_CONVERSION = YES;
				CLANG_WARN_DIRECT_OBJC_ISA_USAGE = YES_ERROR;
				CLANG_WARN_DOCUMENTATION_COMMENTS = YES;
				CLANG_WARN_EMPTY_BODY = YES;
				CLANG_WARN_ENUM_CONVERSION = YES;
				CLANG_WARN_INFINITE_RECURSION = YES;
				CLANG_WARN_INT_CONVERSION = YES;
				CLANG_WARN_NON_LITERAL_NULL_CONVERSION = YES;
				CLANG_WARN_OBJC_LITERAL_CONVERSION = YES;
				CLANG_WARN_OBJC_ROOT_CLASS = YES_ERROR;
				CLANG_WARN_RANGE_LOOP_ANALYSIS = YES;
				CLANG_WARN_STRICT_PROTOTYPES = YES;
				CLANG_WARN_SUSPICIOUS_MOVE = YES;
				CLANG_WARN_UNGUARDED_AVAILABILITY = YES_AGGRESSIVE;
				CLANG_WARN_UNREACHABLE_CODE = YES;
				CLANG_WARN__DUPLICATE_METHOD_MATCH = YES;
				CODE_SIGN_IDENTITY = "iPhone Developer";
				COPY_PHASE_STRIP = NO;
				DEBUG_INFORMATION_FORMAT = "dwarf-with-dsym";
				ENABLE_NS_ASSERTIONS = NO;
				ENABLE_STRICT_OBJC_MSGSEND = YES;
				GCC_C_LANGUAGE_STANDARD = gnu11;
				GCC_NO_COMMON_BLOCKS = YES;
				GCC_WARN_64_TO_32_BIT_CONVERSION = YES;
				GCC_WARN_ABOUT_RETURN_TYPE = YES_ERROR;
				GCC_WARN_UNDECLARED_SELECTOR = YES;
				GCC_WARN_UNINITIALIZED_AUTOS = YES_AGGRESSIVE;
				GCC_WARN_UNUSED_FUNCTION = YES;
				GCC_WARN_UNUSED_VARIABLE = YES;
				IPHONEOS_DEPLOYMENT_TARGET = 11.1;
				MTL_ENABLE_DEBUG_INFO = NO;
				SDKROOT = iphoneos;
				VALIDATE_PRODUCT = YES;
			};
			name = Release;
		};
		7461B39F1FEA72020068BE8E /* Debug */ = {
			isa = XCBuildConfiguration;
			buildSettings = {
				ASSETCATALOG_COMPILER_APPICON_NAME = AppIcon;
				CODE_SIGN_STYLE = Automatic;
				DEVELOPMENT_TEAM = 8MK5S27Q3B;
				INFOPLIST_FILE = AppUpdateCheck/Info.plist;
				IPHONEOS_DEPLOYMENT_TARGET = 8.0;
				LD_RUNPATH_SEARCH_PATHS = "$(inherited) @executable_path/Frameworks";
				PRODUCT_BUNDLE_IDENTIFIER = chen.AppUpdateCheck;
				PRODUCT_NAME = "$(TARGET_NAME)";
				TARGETED_DEVICE_FAMILY = "1,2";
			};
			name = Debug;
		};
		7461B3A01FEA72020068BE8E /* Release */ = {
			isa = XCBuildConfiguration;
			buildSettings = {
				ASSETCATALOG_COMPILER_APPICON_NAME = AppIcon;
				CODE_SIGN_STYLE = Automatic;
				DEVELOPMENT_TEAM = 8MK5S27Q3B;
				INFOPLIST_FILE = AppUpdateCheck/Info.plist;
				IPHONEOS_DEPLOYMENT_TARGET = 8.0;
				LD_RUNPATH_SEARCH_PATHS = "$(inherited) @executable_path/Frameworks";
				PRODUCT_BUNDLE_IDENTIFIER = chen.AppUpdateCheck;
				PRODUCT_NAME = "$(TARGET_NAME)";
				TARGETED_DEVICE_FAMILY = "1,2";
			};
			name = Release;
		};
		7461B3A21FEA72020068BE8E /* Debug */ = {
			isa = XCBuildConfiguration;
			buildSettings = {
				BUNDLE_LOADER = "$(TEST_HOST)";
				CODE_SIGN_STYLE = Automatic;
				INFOPLIST_FILE = AppUpdateCheckTests/Info.plist;
				LD_RUNPATH_SEARCH_PATHS = "$(inherited) @executable_path/Frameworks @loader_path/Frameworks";
				PRODUCT_BUNDLE_IDENTIFIER = chen.AppUpdateCheckTests;
				PRODUCT_NAME = "$(TARGET_NAME)";
				TARGETED_DEVICE_FAMILY = "1,2";
				TEST_HOST = "$(BUILT_PRODUCTS_DIR)/AppUpdateCheck.app/AppUpdateCheck";
			};
			name = Debug;
		};
		7461B3A31FEA72020068BE8E /* Release */ = {
			isa = XCBuildConfiguration;
			buildSettings = {
				BUNDLE_LOADER = "$(TEST_HOST)";
				CODE_SIGN_STYLE = Automatic;
				INFOPLIST_FILE = AppUpdateCheckTests/Info.plist;
				LD_RUNPATH_SEARCH_PATHS = "$(inherited) @executable_path/Frameworks @loader_path/Frameworks";
				PRODUCT_BUNDLE_IDENTIFIER = chen.AppUpdateCheckTests;
				PRODUCT_NAME = "$(TARGET_NAME)";
				TARGETED_DEVICE_FAMILY = "1,2";
				TEST_HOST = "$(BUILT_PRODUCTS_DIR)/AppUpdateCheck.app/AppUpdateCheck";
			};
			name = Release;
		};
		7461B3A51FEA72020068BE8E /* Debug */ = {
			isa = XCBuildConfiguration;
			buildSettings = {
				CODE_SIGN_STYLE = Automatic;
				INFOPLIST_FILE = AppUpdateCheckUITests/Info.plist;
				LD_RUNPATH_SEARCH_PATHS = "$(inherited) @executable_path/Frameworks @loader_path/Frameworks";
				PRODUCT_BUNDLE_IDENTIFIER = chen.AppUpdateCheckUITests;
				PRODUCT_NAME = "$(TARGET_NAME)";
				TARGETED_DEVICE_FAMILY = "1,2";
				TEST_TARGET_NAME = AppUpdateCheck;
			};
			name = Debug;
		};
		7461B3A61FEA72020068BE8E /* Release */ = {
			isa = XCBuildConfiguration;
			buildSettings = {
				CODE_SIGN_STYLE = Automatic;
				INFOPLIST_FILE = AppUpdateCheckUITests/Info.plist;
				LD_RUNPATH_SEARCH_PATHS = "$(inherited) @executable_path/Frameworks @loader_path/Frameworks";
				PRODUCT_BUNDLE_IDENTIFIER = chen.AppUpdateCheckUITests;
				PRODUCT_NAME = "$(TARGET_NAME)";
				TARGETED_DEVICE_FAMILY = "1,2";
				TEST_TARGET_NAME = AppUpdateCheck;
			};
			name = Release;
		};
/* End XCBuildConfiguration section */

/* Begin XCConfigurationList section */
		7461B36D1FEA72010068BE8E /* Build configuration list for PBXProject "AppUpdateCheck" */ = {
			isa = XCConfigurationList;
			buildConfigurations = (
				7461B39C1FEA72020068BE8E /* Debug */,
				7461B39D1FEA72020068BE8E /* Release */,
			);
			defaultConfigurationIsVisible = 0;
			defaultConfigurationName = Release;
		};
		7461B39E1FEA72020068BE8E /* Build configuration list for PBXNativeTarget "AppUpdateCheck" */ = {
			isa = XCConfigurationList;
			buildConfigurations = (
				7461B39F1FEA72020068BE8E /* Debug */,
				7461B3A01FEA72020068BE8E /* Release */,
			);
			defaultConfigurationIsVisible = 0;
			defaultConfigurationName = Release;
		};
		7461B3A11FEA72020068BE8E /* Build configuration list for PBXNativeTarget "AppUpdateCheckTests" */ = {
			isa = XCConfigurationList;
			buildConfigurations = (
				7461B3A21FEA72020068BE8E /* Debug */,
				7461B3A31FEA72020068BE8E /* Release */,
			);
			defaultConfigurationIsVisible = 0;
			defaultConfigurationName = Release;
		};
		7461B3A41FEA72020068BE8E /* Build configuration list for PBXNativeTarget "AppUpdateCheckUITests" */ = {
			isa = XCConfigurationList;
			buildConfigurations = (
				7461B3A51FEA72020068BE8E /* Debug */,
				7461B3A61FEA72020068BE8E /* Release */,
			);
			defaultConfigurationIsVisible = 0;
			defaultConfigurationName = Release;
		};
/* End XCConfigurationList section */
	};
	rootObject = 7461B36A1FEA72010068BE8E /* Project object */;
}
